
Microsoft Visual Studio Solution File, Format Version 12.00
# Visual Studio 15
VisualStudioVersion = 15.0.28307.645
MinimumVisualStudioVersion = 10.0.40219.1
Project("{FAE04EC0-301F-11D3-BF4B-00C04F79EFBC}") = "BookStore", "BookStore\BookStore.csproj", "{90248016-91F9-4964-9E0B-7D6880BA2274}"
EndProject
Project("{FAE04EC0-301F-11D3-BF4B-00C04F79EFBC}") = "BookStore.DAL", "BookStore.DAL\BookStore.DAL.csproj", "{B04AFF20-849F-4C3D-B8D2-B8EDAAD9C0B9}"
EndProject
Global
	GlobalSection(SolutionConfigurationPlatforms) = preSolution
		Debug|Any CPU = Debug|Any CPU
		Release|Any CPU = Release|Any CPU
	EndGlobalSection
	GlobalSection(ProjectConfigurationPlatforms) = postSolution
		{90248016-91F9-4964-9E0B-7D6880BA2274}.Debug|Any CPU.ActiveCfg = Debug|Any CPU
		{90248016-91F9-4964-9E0B-7D6880BA2274}.Debug|Any CPU.Build.0 = Debug|Any CPU
		{90248016-91F9-4964-9E0B-7D6880BA2274}.Release|Any CPU.ActiveCfg = Release|Any CPU
		{90248016-91F9-4964-9E0B-7D6880BA2274}.Release|Any CPU.Build.0 = Release|Any CPU
		{B04AFF20-849F-4C3D-B8D2-B8EDAAD9C0B9}.Debug|Any CPU.ActiveCfg = Debug|Any CPU
		{B04AFF20-849F-4C3D-B8D2-B8EDAAD9C0B9}.Debug|Any CPU.Build.0 = Debug|Any CPU
		{B04AFF20-849F-4C3D-B8D2-B8EDAAD9C0B9}.Release|Any CPU.ActiveCfg = Release|Any CPU
		{B04AFF20-849F-4C3D-B8D2-B8EDAAD9C0B9}.Release|Any CPU.Build.0 = Release|Any CPU
	EndGlobalSection
	GlobalSection(SolutionProperties) = preSolution
		HideSolutionNode = FALSE
	EndGlobalSection
	GlobalSection(ExtensibilityGlobals) = postSolution
		SolutionGuid = {12956D03-C8F3-4EB7-A601-FDCD022E7515}
	EndGlobalSection
EndGlobal
